
Microsoft Visual Studio Solution File, Format Version 11.00
# Visual Studio 2010
Project("{FAE04EC0-301F-11D3-BF4B-00C04F79EFBC}") = "Tests.ExceptionReporter", "src\Test.ExceptionReporter\Tests.ExceptionReporter.csproj", "{38C592CC-F774-4A0F-95FA-318AB0DDB476}"
EndProject
Project("{FAE04EC0-301F-11D3-BF4B-00C04F79EFBC}") = "ExceptionReporter", "src\ExceptionReporter\ExceptionReporter.csproj", "{C49896A3-C0DA-45C4-B30E-4D17E548DBF6}"
EndProject
Project("{FAE04EC0-301F-11D3-BF4B-00C04F79EFBC}") = "Demo.WinForms", "src\Demos\WinForms\Demo.WinForms.csproj", "{2FC9BAC6-3AC4-43C2-A8E2-C9655446531E}"
EndProject
Global
	GlobalSection(SolutionConfigurationPlatforms) = preSolution
		Debug|Any CPU = Debug|Any CPU
		Release|Any CPU = Release|Any CPU
		Debug|x86 = Debug|x86
		Release|x86 = Release|x86
	EndGlobalSection
	GlobalSection(ProjectConfigurationPlatforms) = postSolution
		{38C592CC-F774-4A0F-95FA-318AB0DDB476}.Debug|Any CPU.ActiveCfg = Debug|Any CPU
		{38C592CC-F774-4A0F-95FA-318AB0DDB476}.Debug|Any CPU.Build.0 = Debug|Any CPU
		{38C592CC-F774-4A0F-95FA-318AB0DDB476}.Release|Any CPU.ActiveCfg = Debug|Any CPU
		{38C592CC-F774-4A0F-95FA-318AB0DDB476}.Release|Any CPU.Build.0 = Debug|Any CPU
		{C49896A3-C0DA-45C4-B30E-4D17E548DBF6}.Debug|Any CPU.ActiveCfg = Debug|Any CPU
		{C49896A3-C0DA-45C4-B30E-4D17E548DBF6}.Debug|Any CPU.Build.0 = Debug|Any CPU
		{C49896A3-C0DA-45C4-B30E-4D17E548DBF6}.Release|Any CPU.ActiveCfg = Release|Any CPU
		{C49896A3-C0DA-45C4-B30E-4D17E548DBF6}.Release|Any CPU.Build.0 = Release|Any CPU
		{2FC9BAC6-3AC4-43C2-A8E2-C9655446531E}.Debug|Any CPU.ActiveCfg = Debug|Any CPU
		{2FC9BAC6-3AC4-43C2-A8E2-C9655446531E}.Debug|Any CPU.Build.0 = Debug|Any CPU
		{2FC9BAC6-3AC4-43C2-A8E2-C9655446531E}.Release|Any CPU.ActiveCfg = Release|Any CPU
		{2FC9BAC6-3AC4-43C2-A8E2-C9655446531E}.Release|Any CPU.Build.0 = Release|Any CPU
	EndGlobalSection
	GlobalSection(SolutionProperties) = preSolution
		HideSolutionNode = FALSE
	EndGlobalSection
	GlobalSection(NestedProjects) = preSolution
	EndGlobalSection
	GlobalSection(MonoDevelopProperties) = preSolution
		Policies = $0
		$0.DotNetNamingPolicy = $1
		$1.DirectoryNamespaceAssociation = PrefixedHierarchical
		$0.TextStylePolicy = $2
		$2.inheritsSet = null
		$2.scope = text/x-csharp
		$0.CSharpFormattingPolicy = $3
		$3.scope = text/x-csharp
		$0.TextStylePolicy = $4
		$4.inheritsSet = null
		$4.scope = application/config+xml
		$0.XmlFormattingPolicy = $5
		$5.inheritsSet = null
		$5.scope = application/config+xml
		$0.StandardHeader = $6
		$0.VersionControlPolicy = $7
		version = 2.2.0
		description = ExceptionReporter is a .NET component which shows an interface and gathers detailed informaton on an Exception and the application/system running it
	EndGlobalSection
EndGlobal
