
Microsoft Visual Studio Solution File, Format Version 10.00
# Visual Studio 2008
Project("{FAE04EC0-301F-11D3-BF4B-00C04F79EFBC}") = "ExceptionReporter", "ExceptionReporter\ExceptionReporter.csproj", "{F9133E79-D0C7-4A08-A4B8-75DD06314270}"
EndProject
Project("{FAE04EC0-301F-11D3-BF4B-00C04F79EFBC}") = "DemoApp", "DemoApp\DemoApp.csproj", "{2FC9BAC6-3AC4-43C2-A8E2-C9655446531E}"
EndProject
Project("{FAE04EC0-301F-11D3-BF4B-00C04F79EFBC}") = "Test.ExceptionReporter", "Test.ExceptionReporter\Test.ExceptionReporter\Test.ExceptionReporter.csproj", "{38C592CC-F774-4A0F-95FA-318AB0DDB476}"
EndProject
Global
	GlobalSection(SolutionConfigurationPlatforms) = preSolution
		Debug|Any CPU = Debug|Any CPU
		Release|Any CPU = Release|Any CPU
	EndGlobalSection
	GlobalSection(ProjectConfigurationPlatforms) = postSolution
		{F9133E79-D0C7-4A08-A4B8-75DD06314270}.Debug|Any CPU.ActiveCfg = Debug|Any CPU
		{F9133E79-D0C7-4A08-A4B8-75DD06314270}.Debug|Any CPU.Build.0 = Debug|Any CPU
		{F9133E79-D0C7-4A08-A4B8-75DD06314270}.Release|Any CPU.ActiveCfg = Release|Any CPU
		{F9133E79-D0C7-4A08-A4B8-75DD06314270}.Release|Any CPU.Build.0 = Release|Any CPU
		{2FC9BAC6-3AC4-43C2-A8E2-C9655446531E}.Debug|Any CPU.ActiveCfg = Debug|Any CPU
		{2FC9BAC6-3AC4-43C2-A8E2-C9655446531E}.Debug|Any CPU.Build.0 = Debug|Any CPU
		{2FC9BAC6-3AC4-43C2-A8E2-C9655446531E}.Release|Any CPU.ActiveCfg = Release|Any CPU
		{2FC9BAC6-3AC4-43C2-A8E2-C9655446531E}.Release|Any CPU.Build.0 = Release|Any CPU
		{38C592CC-F774-4A0F-95FA-318AB0DDB476}.Debug|Any CPU.ActiveCfg = Debug|Any CPU
		{38C592CC-F774-4A0F-95FA-318AB0DDB476}.Debug|Any CPU.Build.0 = Debug|Any CPU
		{38C592CC-F774-4A0F-95FA-318AB0DDB476}.Release|Any CPU.ActiveCfg = Release|Any CPU
		{38C592CC-F774-4A0F-95FA-318AB0DDB476}.Release|Any CPU.Build.0 = Release|Any CPU
	EndGlobalSection
	GlobalSection(SolutionProperties) = preSolution
		HideSolutionNode = FALSE
	EndGlobalSection
EndGlobal
